
Microsoft Visual Studio Solution File, Format Version 12.00
# Visual Studio Version 17
VisualStudioVersion = 17.10.35013.160
MinimumVisualStudioVersion = 10.0.40219.1
Project("{FAE04EC0-301F-11D3-BF4B-00C04F79EFBC}") = "Leadway-first-project", "Leadway-first-project.csproj", "{FCBAEF13-93AE-4964-BD6F-0BC7771153B0}"
EndProject
Global
	GlobalSection(SolutionConfigurationPlatforms) = preSolution
		Debug|Any CPU = Debug|Any CPU
		Release|Any CPU = Release|Any CPU
	EndGlobalSection
	GlobalSection(ProjectConfigurationPlatforms) = postSolution
		{FCBAEF13-93AE-4964-BD6F-0BC7771153B0}.Debug|Any CPU.ActiveCfg = Debug|Any CPU
		{FCBAEF13-93AE-4964-BD6F-0BC7771153B0}.Debug|Any CPU.Build.0 = Debug|Any CPU
		{FCBAEF13-93AE-4964-BD6F-0BC7771153B0}.Release|Any CPU.ActiveCfg = Release|Any CPU
		{FCBAEF13-93AE-4964-BD6F-0BC7771153B0}.Release|Any CPU.Build.0 = Release|Any CPU
	EndGlobalSection
	GlobalSection(SolutionProperties) = preSolution
		HideSolutionNode = FALSE
	EndGlobalSection
	GlobalSection(ExtensibilityGlobals) = postSolution
		SolutionGuid = {5677D60D-88C2-44DA-8C91-7DFB5155BFB0}
	EndGlobalSection
EndGlobal
